
Microsoft Visual Studio Solution File, Format Version 12.00
# Visual Studio Version 17
VisualStudioVersion = 17.2.32602.215
MinimumVisualStudioVersion = 10.0.40219.1
Project("{FAE04EC0-301F-11D3-BF4B-00C04F79EFBC}") = "Snake", "Snake\Snake.csproj", "{33CC0F8C-D796-4BB9-996F-C5682056E80B}"
EndProject
Project("{2150E333-8FDC-42A3-9474-1A3956D46DE8}") = "Solution Items", "Solution Items", "{E3AB4470-FD66-4374-8DF2-7DB3E1681989}"
	ProjectSection(SolutionItems) = preProject
		.gitattributes = .gitattributes
		.gitignore = .gitignore
		README.md = README.md
	EndProjectSection
EndProject
Global
	GlobalSection(SolutionConfigurationPlatforms) = preSolution
		Debug|Any CPU = Debug|Any CPU
		Release|Any CPU = Release|Any CPU
	EndGlobalSection
	GlobalSection(ProjectConfigurationPlatforms) = postSolution
		{33CC0F8C-D796-4BB9-996F-C5682056E80B}.Debug|Any CPU.ActiveCfg = Debug|Any CPU
		{33CC0F8C-D796-4BB9-996F-C5682056E80B}.Debug|Any CPU.Build.0 = Debug|Any CPU
		{33CC0F8C-D796-4BB9-996F-C5682056E80B}.Release|Any CPU.ActiveCfg = Release|Any CPU
		{33CC0F8C-D796-4BB9-996F-C5682056E80B}.Release|Any CPU.Build.0 = Release|Any CPU
	EndGlobalSection
	GlobalSection(SolutionProperties) = preSolution
		HideSolutionNode = FALSE
	EndGlobalSection
	GlobalSection(ExtensibilityGlobals) = postSolution
		SolutionGuid = {DB66EF7F-C346-4899-9BBB-5B0F852CA048}
	EndGlobalSection
EndGlobal
